{
  "nodes": {
    "dwm": {
      "inputs": {
        "nixpkgs": [
          "nixpkgs"
        ]
      },
      "locked": {
        "lastModified": 1661992436,
        "narHash": "sha256-h4XxfJivq/f4Pe2X4gJNnMuQ9ukNjfYx7twDnRmsFfI=",
        "owner": "daqueenjodi",
        "repo": "dwm",
        "rev": "d3a0e7d7ebecb3b3648703ecdd5955a7618b5588",
        "type": "github"
      },
      "original": {
        "owner": "daqueenjodi",
        "repo": "dwm",
        "type": "github"
      }
    },
    "nixpkgs": {
      "locked": {
        "lastModified": 1661864979,
        "narHash": "sha256-ajXYYTE1uoY3ei/P1v+Knklf2QNCBxMtw1gByaPTGU4=",
        "owner": "NixOS",
        "repo": "nixpkgs",
        "rev": "a28adc36c20fd2fbaeb06ec9bbd79b6bf7443979",
        "type": "github"
      },
      "original": {
        "id": "nixpkgs",
        "ref": "nixos-22.05",
        "type": "indirect"
      }
    },
    "root": {
      "inputs": {
        "dwm": "dwm",
        "nixpkgs": "nixpkgs"
      }
    }
  },
  "root": "root",
  "version": 7
}
