{
  "nodes": {
    "dwm": {
      "inputs": {
        "nixpkgs": [
          "nixpkgs"
        ]
      },
      "locked": {
        "lastModified": 1662858347,
        "narHash": "sha256-9OdndeEUG6pSjp8B7I9Cw/Hkg0KmCPXlbLbUQFh0fgs=",
        "owner": "daqueenjodi",
        "repo": "dwm",
        "rev": "82e5febd8ffed6869386b1dc2ba27cc3c69cb0cb",
        "type": "github"
      },
      "original": {
        "owner": "daqueenjodi",
        "repo": "dwm",
        "type": "github"
      }
    },
    "nixpkgs": {
      "locked": {
        "lastModified": 1665940183,
        "narHash": "sha256-cPe3F7CtnxU9YbJpc3Adl4d9kX+turqTv5FxM98i8vg=",
        "owner": "NixOS",
        "repo": "nixpkgs",
        "rev": "104e8082de1b20f9d0e1f05b1028795ed0e0e4bc",
        "type": "github"
      },
      "original": {
        "id": "nixpkgs",
        "ref": "nixos-unstable",
        "type": "indirect"
      }
    },
    "root": {
      "inputs": {
        "dwm": "dwm",
        "nixpkgs": "nixpkgs"
      }
    }
  },
  "root": "root",
  "version": 7
}
