{
  "nodes": {
    "dwm": {
      "inputs": {
        "nixpkgs": [
          "nixpkgs"
        ]
      },
      "locked": {
        "lastModified": 1662077427,
        "narHash": "sha256-yeA7RAA7A9kkq64vFLwMny4dJlEbUpKkv7OYZg2d2zc=",
        "owner": "daqueenjodi",
        "repo": "dwm",
        "rev": "dc38b7dc5cfc0c73494aa58021021f46b0de4817",
        "type": "github"
      },
      "original": {
        "owner": "daqueenjodi",
        "repo": "dwm",
        "type": "github"
      }
    },
    "nixpkgs": {
      "locked": {
        "lastModified": 1661972992,
        "narHash": "sha256-50235YW76Jnx4okogoJv/sMz+WNnqC+0DqtkV3jm2XM=",
        "owner": "NixOS",
        "repo": "nixpkgs",
        "rev": "067d5d5b89133efcda060bba31f9941c6396e3ee",
        "type": "github"
      },
      "original": {
        "id": "nixpkgs",
        "ref": "nixos-22.05",
        "type": "indirect"
      }
    },
    "root": {
      "inputs": {
        "dwm": "dwm",
        "nixpkgs": "nixpkgs"
      }
    }
  },
  "root": "root",
  "version": 7
}
